
Microsoft Visual Studio Solution File, Format Version 12.00
# Visual Studio 15
VisualStudioVersion = 15.0.28307.572
MinimumVisualStudioVersion = 10.0.40219.1
Project("{8BC9CEB8-8B4A-11D0-8D11-00A0C91BC942}") = "MemoryManager", "MemoryManager\MemoryManager.vcxproj", "{8143A7E6-A2B0-44FE-9C8D-E444B4C8B55D}"
EndProject
Global
	GlobalSection(SolutionConfigurationPlatforms) = preSolution
		Debug|x64 = Debug|x64
		Debug|x86 = Debug|x86
		Release|x64 = Release|x64
		Release|x86 = Release|x86
	EndGlobalSection
	GlobalSection(ProjectConfigurationPlatforms) = postSolution
		{8143A7E6-A2B0-44FE-9C8D-E444B4C8B55D}.Debug|x64.ActiveCfg = Debug|x64
		{8143A7E6-A2B0-44FE-9C8D-E444B4C8B55D}.Debug|x64.Build.0 = Debug|x64
		{8143A7E6-A2B0-44FE-9C8D-E444B4C8B55D}.Debug|x86.ActiveCfg = Debug|Win32
		{8143A7E6-A2B0-44FE-9C8D-E444B4C8B55D}.Debug|x86.Build.0 = Debug|Win32
		{8143A7E6-A2B0-44FE-9C8D-E444B4C8B55D}.Release|x64.ActiveCfg = Release|x64
		{8143A7E6-A2B0-44FE-9C8D-E444B4C8B55D}.Release|x64.Build.0 = Release|x64
		{8143A7E6-A2B0-44FE-9C8D-E444B4C8B55D}.Release|x86.ActiveCfg = Release|Win32
		{8143A7E6-A2B0-44FE-9C8D-E444B4C8B55D}.Release|x86.Build.0 = Release|Win32
	EndGlobalSection
	GlobalSection(SolutionProperties) = preSolution
		HideSolutionNode = FALSE
	EndGlobalSection
	GlobalSection(ExtensibilityGlobals) = postSolution
		SolutionGuid = {92C84B24-2669-4EE3-8AB0-8D65D27C5EF5}
	EndGlobalSection
EndGlobal
